
Microsoft Visual Studio Solution File, Format Version 12.00
# Visual Studio Version 17
VisualStudioVersion = 17.4.33213.308
MinimumVisualStudioVersion = 10.0.40219.1
Project("{FAE04EC0-301F-11D3-BF4B-00C04F79EFBC}") = "WebApplication10", "WebApplication10.csproj", "{A847FB9C-D9C6-4F0F-8827-D9D92BAA6CA1}"
EndProject
Global
	GlobalSection(SolutionConfigurationPlatforms) = preSolution
		Debug|Any CPU = Debug|Any CPU
		Release|Any CPU = Release|Any CPU
	EndGlobalSection
	GlobalSection(ProjectConfigurationPlatforms) = postSolution
		{A847FB9C-D9C6-4F0F-8827-D9D92BAA6CA1}.Debug|Any CPU.ActiveCfg = Debug|Any CPU
		{A847FB9C-D9C6-4F0F-8827-D9D92BAA6CA1}.Debug|Any CPU.Build.0 = Debug|Any CPU
		{A847FB9C-D9C6-4F0F-8827-D9D92BAA6CA1}.Release|Any CPU.ActiveCfg = Release|Any CPU
		{A847FB9C-D9C6-4F0F-8827-D9D92BAA6CA1}.Release|Any CPU.Build.0 = Release|Any CPU
	EndGlobalSection
	GlobalSection(SolutionProperties) = preSolution
		HideSolutionNode = FALSE
	EndGlobalSection
	GlobalSection(ExtensibilityGlobals) = postSolution
		SolutionGuid = {065B73B1-421D-49C9-8510-F0898C82D3E3}
	EndGlobalSection
EndGlobal
